
Microsoft Visual Studio Solution File, Format Version 12.00
# Visual Studio Version 17
VisualStudioVersion = 17.14.36301.6
MinimumVisualStudioVersion = 10.0.40219.1
Project("{FAE04EC0-301F-11D3-BF4B-00C04F79EFBC}") = "SprintItemsApp", "SprintItemsApp\SprintItemsApp.csproj", "{C43DF04F-575B-FF27-27BE-0B37E4107698}"
EndProject
Project("{FAE04EC0-301F-11D3-BF4B-00C04F79EFBC}") = "PowerPointConsoleApp", "PowerPointConsoleApp\PowerPointConsoleApp.csproj", "{ED34A722-25A4-00BE-EF93-F77BF3534865}"
EndProject
Project("{FAE04EC0-301F-11D3-BF4B-00C04F79EFBC}") = "AzureDevOpsPptWpf", "AzureDevOpsPptWpf\AzureDevOpsPptWpf.csproj", "{5C367F72-5670-8AEF-3023-AFCFACF95324}"
EndProject
Global
	GlobalSection(SolutionConfigurationPlatforms) = preSolution
		Debug|Any CPU = Debug|Any CPU
		Release|Any CPU = Release|Any CPU
	EndGlobalSection
	GlobalSection(ProjectConfigurationPlatforms) = postSolution
		{C43DF04F-575B-FF27-27BE-0B37E4107698}.Debug|Any CPU.ActiveCfg = Debug|Any CPU
		{C43DF04F-575B-FF27-27BE-0B37E4107698}.Debug|Any CPU.Build.0 = Debug|Any CPU
		{C43DF04F-575B-FF27-27BE-0B37E4107698}.Release|Any CPU.ActiveCfg = Release|Any CPU
		{C43DF04F-575B-FF27-27BE-0B37E4107698}.Release|Any CPU.Build.0 = Release|Any CPU
		{ED34A722-25A4-00BE-EF93-F77BF3534865}.Debug|Any CPU.ActiveCfg = Debug|Any CPU
		{ED34A722-25A4-00BE-EF93-F77BF3534865}.Debug|Any CPU.Build.0 = Debug|Any CPU
		{ED34A722-25A4-00BE-EF93-F77BF3534865}.Release|Any CPU.ActiveCfg = Release|Any CPU
		{ED34A722-25A4-00BE-EF93-F77BF3534865}.Release|Any CPU.Build.0 = Release|Any CPU
		{5C367F72-5670-8AEF-3023-AFCFACF95324}.Debug|Any CPU.ActiveCfg = Debug|Any CPU
		{5C367F72-5670-8AEF-3023-AFCFACF95324}.Debug|Any CPU.Build.0 = Debug|Any CPU
		{5C367F72-5670-8AEF-3023-AFCFACF95324}.Release|Any CPU.ActiveCfg = Release|Any CPU
		{5C367F72-5670-8AEF-3023-AFCFACF95324}.Release|Any CPU.Build.0 = Release|Any CPU
	EndGlobalSection
	GlobalSection(SolutionProperties) = preSolution
		HideSolutionNode = FALSE
	EndGlobalSection
	GlobalSection(ExtensibilityGlobals) = postSolution
		SolutionGuid = {4CD5FB2E-0B54-4818-A143-D3F8E0C02AF5}
	EndGlobalSection
EndGlobal
